// !$*UTF8*$!
{
	archiveVersion = 1;
	classes = {
	};
	objectVersion = 56;
	objects = {

/* Begin PBXBuildFile section */
		C86CCF752916D39F00C78DE9 /* EnemyView.swift in Sources */ = {isa = PBXBuildFile; fileRef = C86CCF742916D39F00C78DE9 /* EnemyView.swift */; };
		C86CCF772916D58500C78DE9 /* PlayerView.swift in Sources */ = {isa = PBXBuildFile; fileRef = C86CCF762916D58500C78DE9 /* PlayerView.swift */; };
		C8DF69652915359100568FD9 /* NinjaBattleApp.swift in Sources */ = {isa = PBXBuildFile; fileRef = C8DF69642915359100568FD9 /* NinjaBattleApp.swift */; };
		C8DF69672915359100568FD9 /* ContentView.swift in Sources */ = {isa = PBXBuildFile; fileRef = C8DF69662915359100568FD9 /* ContentView.swift */; };
		C8DF69692915359200568FD9 /* Assets.xcassets in Resources */ = {isa = PBXBuildFile; fileRef = C8DF69682915359200568FD9 /* Assets.xcassets */; };
		C8DF696C2915359200568FD9 /* Preview Assets.xcassets in Resources */ = {isa = PBXBuildFile; fileRef = C8DF696B2915359200568FD9 /* Preview Assets.xcassets */; };
		C8DF69732915384300568FD9 /* NinjaView.swift in Sources */ = {isa = PBXBuildFile; fileRef = C8DF69722915384300568FD9 /* NinjaView.swift */; };
		C8DF69752915437900568FD9 /* WeaponView.swift in Sources */ = {isa = PBXBuildFile; fileRef = C8DF69742915437900568FD9 /* WeaponView.swift */; };
		C8DF69772915969100568FD9 /* ScoreBarView.swift in Sources */ = {isa = PBXBuildFile; fileRef = C8DF69762915969100568FD9 /* ScoreBarView.swift */; };
		C8DF69792915978E00568FD9 /* ActionBarView.swift in Sources */ = {isa = PBXBuildFile; fileRef = C8DF69782915978E00568FD9 /* ActionBarView.swift */; };
		C8DF697B2915984A00568FD9 /* GameView.swift in Sources */ = {isa = PBXBuildFile; fileRef = C8DF697A2915984A00568FD9 /* GameView.swift */; };
		C8DF697D2915A8D700568FD9 /* MoveButtonView.swift in Sources */ = {isa = PBXBuildFile; fileRef = C8DF697C2915A8D700568FD9 /* MoveButtonView.swift */; };
/* End PBXBuildFile section */

/* Begin PBXFileReference section */
		C86CCF742916D39F00C78DE9 /* EnemyView.swift */ = {isa = PBXFileReference; lastKnownFileType = sourcecode.swift; path = EnemyView.swift; sourceTree = "<group>"; };
		C86CCF762916D58500C78DE9 /* PlayerView.swift */ = {isa = PBXFileReference; lastKnownFileType = sourcecode.swift; path = PlayerView.swift; sourceTree = "<group>"; };
		C8DF69612915359100568FD9 /* NinjaBattle.app */ = {isa = PBXFileReference; explicitFileType = wrapper.application; includeInIndex = 0; path = NinjaBattle.app; sourceTree = BUILT_PRODUCTS_DIR; };
		C8DF69642915359100568FD9 /* NinjaBattleApp.swift */ = {isa = PBXFileReference; lastKnownFileType = sourcecode.swift; path = NinjaBattleApp.swift; sourceTree = "<group>"; };
		C8DF69662915359100568FD9 /* ContentView.swift */ = {isa = PBXFileReference; lastKnownFileType = sourcecode.swift; path = ContentView.swift; sourceTree = "<group>"; };
		C8DF69682915359200568FD9 /* Assets.xcassets */ = {isa = PBXFileReference; lastKnownFileType = folder.assetcatalog; path = Assets.xcassets; sourceTree = "<group>"; };
		C8DF696B2915359200568FD9 /* Preview Assets.xcassets */ = {isa = PBXFileReference; lastKnownFileType = folder.assetcatalog; path = "Preview Assets.xcassets"; sourceTree = "<group>"; };
		C8DF69722915384300568FD9 /* NinjaView.swift */ = {isa = PBXFileReference; lastKnownFileType = sourcecode.swift; path = NinjaView.swift; sourceTree = "<group>"; };
		C8DF69742915437900568FD9 /* WeaponView.swift */ = {isa = PBXFileReference; lastKnownFileType = sourcecode.swift; path = WeaponView.swift; sourceTree = "<group>"; };
		C8DF69762915969100568FD9 /* ScoreBarView.swift */ = {isa = PBXFileReference; lastKnownFileType = sourcecode.swift; path = ScoreBarView.swift; sourceTree = "<group>"; };
		C8DF69782915978E00568FD9 /* ActionBarView.swift */ = {isa = PBXFileReference; lastKnownFileType = sourcecode.swift; path = ActionBarView.swift; sourceTree = "<group>"; };
		C8DF697A2915984A00568FD9 /* GameView.swift */ = {isa = PBXFileReference; lastKnownFileType = sourcecode.swift; path = GameView.swift; sourceTree = "<group>"; };
		C8DF697C2915A8D700568FD9 /* MoveButtonView.swift */ = {isa = PBXFileReference; lastKnownFileType = sourcecode.swift; path = MoveButtonView.swift; sourceTree = "<group>"; };
/* End PBXFileReference section */

/* Begin PBXFrameworksBuildPhase section */
		C8DF695E2915359100568FD9 /* Frameworks */ = {
			isa = PBXFrameworksBuildPhase;
			buildActionMask = 2147483647;
			files = (
			);
			runOnlyForDeploymentPostprocessing = 0;
		};
/* End PBXFrameworksBuildPhase section */

/* Begin PBXGroup section */
		C8DF69582915359100568FD9 = {
			isa = PBXGroup;
			children = (
				C8DF69632915359100568FD9 /* NinjaBattle */,
				C8DF69622915359100568FD9 /* Products */,
			);
			sourceTree = "<group>";
		};
		C8DF69622915359100568FD9 /* Products */ = {
			isa = PBXGroup;
			children = (
				C8DF69612915359100568FD9 /* NinjaBattle.app */,
			);
			name = Products;
			sourceTree = "<group>";
		};
		C8DF69632915359100568FD9 /* NinjaBattle */ = {
			isa = PBXGroup;
			children = (
				C8DF69642915359100568FD9 /* NinjaBattleApp.swift */,
				C8DF69662915359100568FD9 /* ContentView.swift */,
				C8DF697A2915984A00568FD9 /* GameView.swift */,
				C8DF69722915384300568FD9 /* NinjaView.swift */,
				C8DF69742915437900568FD9 /* WeaponView.swift */,
				C8DF69762915969100568FD9 /* ScoreBarView.swift */,
				C8DF69782915978E00568FD9 /* ActionBarView.swift */,
				C8DF697C2915A8D700568FD9 /* MoveButtonView.swift */,
				C8DF69682915359200568FD9 /* Assets.xcassets */,
				C8DF696A2915359200568FD9 /* Preview Content */,
				C86CCF742916D39F00C78DE9 /* EnemyView.swift */,
				C86CCF762916D58500C78DE9 /* PlayerView.swift */,
			);
			path = NinjaBattle;
			sourceTree = "<group>";
		};
		C8DF696A2915359200568FD9 /* Preview Content */ = {
			isa = PBXGroup;
			children = (
				C8DF696B2915359200568FD9 /* Preview Assets.xcassets */,
			);
			path = "Preview Content";
			sourceTree = "<group>";
		};
/* End PBXGroup section */

/* Begin PBXNativeTarget section */
		C8DF69602915359100568FD9 /* NinjaBattle */ = {
			isa = PBXNativeTarget;
			buildConfigurationList = C8DF696F2915359200568FD9 /* Build configuration list for PBXNativeTarget "NinjaBattle" */;
			buildPhases = (
				C8DF695D2915359100568FD9 /* Sources */,
				C8DF695E2915359100568FD9 /* Frameworks */,
				C8DF695F2915359100568FD9 /* Resources */,
			);
			buildRules = (
			);
			dependencies = (
			);
			name = NinjaBattle;
			productName = NinjaBattle;
			productReference = C8DF69612915359100568FD9 /* NinjaBattle.app */;
			productType = "com.apple.product-type.application";
		};
/* End PBXNativeTarget section */

/* Begin PBXProject section */
		C8DF69592915359100568FD9 /* Project object */ = {
			isa = PBXProject;
			attributes = {
				BuildIndependentTargetsInParallel = 1;
				LastSwiftUpdateCheck = 1410;
				LastUpgradeCheck = 1410;
				TargetAttributes = {
					C8DF69602915359100568FD9 = {
						CreatedOnToolsVersion = 14.1;
					};
				};
			};
			buildConfigurationList = C8DF695C2915359100568FD9 /* Build configuration list for PBXProject "NinjaBattle" */;
			compatibilityVersion = "Xcode 14.0";
			developmentRegion = en;
			hasScannedForEncodings = 0;
			knownRegions = (
				en,
				Base,
			);
			mainGroup = C8DF69582915359100568FD9;
			productRefGroup = C8DF69622915359100568FD9 /* Products */;
			projectDirPath = "";
			projectRoot = "";
			targets = (
				C8DF69602915359100568FD9 /* NinjaBattle */,
			);
		};
/* End PBXProject section */

/* Begin PBXResourcesBuildPhase section */
		C8DF695F2915359100568FD9 /* Resources */ = {
			isa = PBXResourcesBuildPhase;
			buildActionMask = 2147483647;
			files = (
				C8DF696C2915359200568FD9 /* Preview Assets.xcassets in Resources */,
				C8DF69692915359200568FD9 /* Assets.xcassets in Resources */,
			);
			runOnlyForDeploymentPostprocessing = 0;
		};
/* End PBXResourcesBuildPhase section */

/* Begin PBXSourcesBuildPhase section */
		C8DF695D2915359100568FD9 /* Sources */ = {
			isa = PBXSourcesBuildPhase;
			buildActionMask = 2147483647;
			files = (
				C8DF69752915437900568FD9 /* WeaponView.swift in Sources */,
				C8DF69672915359100568FD9 /* ContentView.swift in Sources */,
				C8DF69732915384300568FD9 /* NinjaView.swift in Sources */,
				C86CCF772916D58500C78DE9 /* PlayerView.swift in Sources */,
				C8DF69772915969100568FD9 /* ScoreBarView.swift in Sources */,
				C8DF69792915978E00568FD9 /* ActionBarView.swift in Sources */,
				C86CCF752916D39F00C78DE9 /* EnemyView.swift in Sources */,
				C8DF697D2915A8D700568FD9 /* MoveButtonView.swift in Sources */,
				C8DF69652915359100568FD9 /* NinjaBattleApp.swift in Sources */,
				C8DF697B2915984A00568FD9 /* GameView.swift in Sources */,
			);
			runOnlyForDeploymentPostprocessing = 0;
		};
/* End PBXSourcesBuildPhase section */

/* Begin XCBuildConfiguration section */
		C8DF696D2915359200568FD9 /* Debug */ = {
			isa = XCBuildConfiguration;
			buildSettings = {
				ALWAYS_SEARCH_USER_PATHS = NO;
				CLANG_ANALYZER_NONNULL = YES;
				CLANG_ANALYZER_NUMBER_OBJECT_CONVERSION = YES_AGGRESSIVE;
				CLANG_CXX_LANGUAGE_STANDARD = "gnu++20";
				CLANG_ENABLE_MODULES = YES;
				CLANG_ENABLE_OBJC_ARC = YES;
				CLANG_ENABLE_OBJC_WEAK = YES;
				CLANG_WARN_BLOCK_CAPTURE_AUTORELEASING = YES;
				CLANG_WARN_BOOL_CONVERSION = YES;
				CLANG_WARN_COMMA = YES;
				CLANG_WARN_CONSTANT_CONVERSION = YES;
				CLANG_WARN_DEPRECATED_OBJC_IMPLEMENTATIONS = YES;
				CLANG_WARN_DIRECT_OBJC_ISA_USAGE = YES_ERROR;
				CLANG_WARN_DOCUMENTATION_COMMENTS = YES;
				CLANG_WARN_EMPTY_BODY = YES;
				CLANG_WARN_ENUM_CONVERSION = YES;
				CLANG_WARN_INFINITE_RECURSION = YES;
				CLANG_WARN_INT_CONVERSION = YES;
				CLANG_WARN_NON_LITERAL_NULL_CONVERSION = YES;
				CLANG_WARN_OBJC_IMPLICIT_RETAIN_SELF = YES;
				CLANG_WARN_OBJC_LITERAL_CONVERSION = YES;
				CLANG_WARN_OBJC_ROOT_CLASS = YES_ERROR;
				CLANG_WARN_QUOTED_INCLUDE_IN_FRAMEWORK_HEADER = YES;
				CLANG_WARN_RANGE_LOOP_ANALYSIS = YES;
				CLANG_WARN_STRICT_PROTOTYPES = YES;
				CLANG_WARN_SUSPICIOUS_MOVE = YES;
				CLANG_WARN_UNGUARDED_AVAILABILITY = YES_AGGRESSIVE;
				CLANG_WARN_UNREACHABLE_CODE = YES;
				CLANG_WARN__DUPLICATE_METHOD_MATCH = YES;
				COPY_PHASE_STRIP = NO;
				DEBUG_INFORMATION_FORMAT = dwarf;
				ENABLE_STRICT_OBJC_MSGSEND = YES;
				ENABLE_TESTABILITY = YES;
				GCC_C_LANGUAGE_STANDARD = gnu11;
				GCC_DYNAMIC_NO_PIC = NO;
				GCC_NO_COMMON_BLOCKS = YES;
				GCC_OPTIMIZATION_LEVEL = 0;
				GCC_PREPROCESSOR_DEFINITIONS = (
					"DEBUG=1",
					"$(inherited)",
				);
				GCC_WARN_64_TO_32_BIT_CONVERSION = YES;
				GCC_WARN_ABOUT_RETURN_TYPE = YES_ERROR;
				GCC_WARN_UNDECLARED_SELECTOR = YES;
				GCC_WARN_UNINITIALIZED_AUTOS = YES_AGGRESSIVE;
				GCC_WARN_UNUSED_FUNCTION = YES;
				GCC_WARN_UNUSED_VARIABLE = YES;
				IPHONEOS_DEPLOYMENT_TARGET = 16.1;
				MTL_ENABLE_DEBUG_INFO = INCLUDE_SOURCE;
				MTL_FAST_MATH = YES;
				ONLY_ACTIVE_ARCH = YES;
				SDKROOT = iphoneos;
				SWIFT_ACTIVE_COMPILATION_CONDITIONS = DEBUG;
				SWIFT_OPTIMIZATION_LEVEL = "-Onone";
			};
			name = Debug;
		};
		C8DF696E2915359200568FD9 /* Release */ = {
			isa = XCBuildConfiguration;
			buildSettings = {
				ALWAYS_SEARCH_USER_PATHS = NO;
				CLANG_ANALYZER_NONNULL = YES;
				CLANG_ANALYZER_NUMBER_OBJECT_CONVERSION = YES_AGGRESSIVE;
				CLANG_CXX_LANGUAGE_STANDARD = "gnu++20";
				CLANG_ENABLE_MODULES = YES;
				CLANG_ENABLE_OBJC_ARC = YES;
				CLANG_ENABLE_OBJC_WEAK = YES;
				CLANG_WARN_BLOCK_CAPTURE_AUTORELEASING = YES;
				CLANG_WARN_BOOL_CONVERSION = YES;
				CLANG_WARN_COMMA = YES;
				CLANG_WARN_CONSTANT_CONVERSION = YES;
				CLANG_WARN_DEPRECATED_OBJC_IMPLEMENTATIONS = YES;
				CLANG_WARN_DIRECT_OBJC_ISA_USAGE = YES_ERROR;
				CLANG_WARN_DOCUMENTATION_COMMENTS = YES;
				CLANG_WARN_EMPTY_BODY = YES;
				CLANG_WARN_ENUM_CONVERSION = YES;
				CLANG_WARN_INFINITE_RECURSION = YES;
				CLANG_WARN_INT_CONVERSION = YES;
				CLANG_WARN_NON_LITERAL_NULL_CONVERSION = YES;
				CLANG_WARN_OBJC_IMPLICIT_RETAIN_SELF = YES;
				CLANG_WARN_OBJC_LITERAL_CONVERSION = YES;
				CLANG_WARN_OBJC_ROOT_CLASS = YES_ERROR;
				CLANG_WARN_QUOTED_INCLUDE_IN_FRAMEWORK_HEADER = YES;
				CLANG_WARN_RANGE_LOOP_ANALYSIS = YES;
				CLANG_WARN_STRICT_PROTOTYPES = YES;
				CLANG_WARN_SUSPICIOUS_MOVE = YES;
				CLANG_WARN_UNGUARDED_AVAILABILITY = YES_AGGRESSIVE;
				CLANG_WARN_UNREACHABLE_CODE = YES;
				CLANG_WARN__DUPLICATE_METHOD_MATCH = YES;
				COPY_PHASE_STRIP = NO;
				DEBUG_INFORMATION_FORMAT = "dwarf-with-dsym";
				ENABLE_NS_ASSERTIONS = NO;
				ENABLE_STRICT_OBJC_MSGSEND = YES;
				GCC_C_LANGUAGE_STANDARD = gnu11;
				GCC_NO_COMMON_BLOCKS = YES;
				GCC_WARN_64_TO_32_BIT_CONVERSION = YES;
				GCC_WARN_ABOUT_RETURN_TYPE = YES_ERROR;
				GCC_WARN_UNDECLARED_SELECTOR = YES;
				GCC_WARN_UNINITIALIZED_AUTOS = YES_AGGRESSIVE;
				GCC_WARN_UNUSED_FUNCTION = YES;
				GCC_WARN_UNUSED_VARIABLE = YES;
				IPHONEOS_DEPLOYMENT_TARGET = 16.1;
				MTL_ENABLE_DEBUG_INFO = NO;
				MTL_FAST_MATH = YES;
				SDKROOT = iphoneos;
				SWIFT_COMPILATION_MODE = wholemodule;
				SWIFT_OPTIMIZATION_LEVEL = "-O";
				VALIDATE_PRODUCT = YES;
			};
			name = Release;
		};
		C8DF69702915359200568FD9 /* Debug */ = {
			isa = XCBuildConfiguration;
			buildSettings = {
				ASSETCATALOG_COMPILER_APPICON_NAME = AppIcon;
				ASSETCATALOG_COMPILER_GLOBAL_ACCENT_COLOR_NAME = AccentColor;
				CODE_SIGN_STYLE = Automatic;
				CURRENT_PROJECT_VERSION = 1;
				DEVELOPMENT_ASSET_PATHS = "\"NinjaBattle/Preview Content\"";
				DEVELOPMENT_TEAM = 7BLV8N5RUN;
				ENABLE_PREVIEWS = YES;
				GENERATE_INFOPLIST_FILE = YES;
				INFOPLIST_KEY_UIApplicationSceneManifest_Generation = YES;
				INFOPLIST_KEY_UIApplicationSupportsIndirectInputEvents = YES;
				INFOPLIST_KEY_UILaunchScreen_Generation = YES;
				INFOPLIST_KEY_UISupportedInterfaceOrientations_iPad = "UIInterfaceOrientationPortrait UIInterfaceOrientationPortraitUpsideDown UIInterfaceOrientationLandscapeLeft UIInterfaceOrientationLandscapeRight";
				INFOPLIST_KEY_UISupportedInterfaceOrientations_iPhone = "UIInterfaceOrientationPortrait UIInterfaceOrientationLandscapeLeft UIInterfaceOrientationLandscapeRight";
				LD_RUNPATH_SEARCH_PATHS = (
					"$(inherited)",
					"@executable_path/Frameworks",
				);
				MARKETING_VERSION = 1.0;
				PRODUCT_BUNDLE_IDENTIFIER = com.yammycode.NinjaBattle;
				PRODUCT_NAME = "$(TARGET_NAME)";
				SWIFT_EMIT_LOC_STRINGS = YES;
				SWIFT_VERSION = 5.0;
				TARGETED_DEVICE_FAMILY = "1,2";
			};
			name = Debug;
		};
		C8DF69712915359200568FD9 /* Release */ = {
			isa = XCBuildConfiguration;
			buildSettings = {
				ASSETCATALOG_COMPILER_APPICON_NAME = AppIcon;
				ASSETCATALOG_COMPILER_GLOBAL_ACCENT_COLOR_NAME = AccentColor;
				CODE_SIGN_STYLE = Automatic;
				CURRENT_PROJECT_VERSION = 1;
				DEVELOPMENT_ASSET_PATHS = "\"NinjaBattle/Preview Content\"";
				DEVELOPMENT_TEAM = 7BLV8N5RUN;
				ENABLE_PREVIEWS = YES;
				GENERATE_INFOPLIST_FILE = YES;
				INFOPLIST_KEY_UIApplicationSceneManifest_Generation = YES;
				INFOPLIST_KEY_UIApplicationSupportsIndirectInputEvents = YES;
				INFOPLIST_KEY_UILaunchScreen_Generation = YES;
				INFOPLIST_KEY_UISupportedInterfaceOrientations_iPad = "UIInterfaceOrientationPortrait UIInterfaceOrientationPortraitUpsideDown UIInterfaceOrientationLandscapeLeft UIInterfaceOrientationLandscapeRight";
				INFOPLIST_KEY_UISupportedInterfaceOrientations_iPhone = "UIInterfaceOrientationPortrait UIInterfaceOrientationLandscapeLeft UIInterfaceOrientationLandscapeRight";
				LD_RUNPATH_SEARCH_PATHS = (
					"$(inherited)",
					"@executable_path/Frameworks",
				);
				MARKETING_VERSION = 1.0;
				PRODUCT_BUNDLE_IDENTIFIER = com.yammycode.NinjaBattle;
				PRODUCT_NAME = "$(TARGET_NAME)";
				SWIFT_EMIT_LOC_STRINGS = YES;
				SWIFT_VERSION = 5.0;
				TARGETED_DEVICE_FAMILY = "1,2";
			};
			name = Release;
		};
/* End XCBuildConfiguration section */

/* Begin XCConfigurationList section */
		C8DF695C2915359100568FD9 /* Build configuration list for PBXProject "NinjaBattle" */ = {
			isa = XCConfigurationList;
			buildConfigurations = (
				C8DF696D2915359200568FD9 /* Debug */,
				C8DF696E2915359200568FD9 /* Release */,
			);
			defaultConfigurationIsVisible = 0;
			defaultConfigurationName = Release;
		};
		C8DF696F2915359200568FD9 /* Build configuration list for PBXNativeTarget "NinjaBattle" */ = {
			isa = XCConfigurationList;
			buildConfigurations = (
				C8DF69702915359200568FD9 /* Debug */,
				C8DF69712915359200568FD9 /* Release */,
			);
			defaultConfigurationIsVisible = 0;
			defaultConfigurationName = Release;
		};
/* End XCConfigurationList section */
	};
	rootObject = C8DF69592915359100568FD9 /* Project object */;
}
